
Microsoft Visual Studio Solution File, Format Version 12.00
# Visual Studio 15
VisualStudioVersion = 15.0.28307.271
MinimumVisualStudioVersion = 10.0.40219.1
Project("{FAE04EC0-301F-11D3-BF4B-00C04F79EFBC}") = "CakeWebApp_DotNetCore", "CakeWebApp_DotNetCore\CakeWebApp_DotNetCore.csproj", "{BF4CF458-D088-4D4A-9AFA-20B9C75F4F7D}"
EndProject
Global
	GlobalSection(SolutionConfigurationPlatforms) = preSolution
		Debug|Any CPU = Debug|Any CPU
		Release|Any CPU = Release|Any CPU
	EndGlobalSection
	GlobalSection(ProjectConfigurationPlatforms) = postSolution
		{BF4CF458-D088-4D4A-9AFA-20B9C75F4F7D}.Debug|Any CPU.ActiveCfg = Debug|Any CPU
		{BF4CF458-D088-4D4A-9AFA-20B9C75F4F7D}.Debug|Any CPU.Build.0 = Debug|Any CPU
		{BF4CF458-D088-4D4A-9AFA-20B9C75F4F7D}.Release|Any CPU.ActiveCfg = Release|Any CPU
		{BF4CF458-D088-4D4A-9AFA-20B9C75F4F7D}.Release|Any CPU.Build.0 = Release|Any CPU
	EndGlobalSection
	GlobalSection(SolutionProperties) = preSolution
		HideSolutionNode = FALSE
	EndGlobalSection
	GlobalSection(ExtensibilityGlobals) = postSolution
		SolutionGuid = {FEDA9089-A5AC-4885-9996-C4A79EF526DE}
	EndGlobalSection
EndGlobal
